// !$*UTF8*$!
{
	archiveVersion = 1;
	classes = {
	};
	objectVersion = 60;
	objects = {

/* Begin PBXBuildFile section */
		FB0D40FC2C2A5A4300AB7559 /* SwiftTestingTests0.swift in Sources */ = {isa = PBXBuildFile; fileRef = FB0D40FB2C2A5A4300AB7559 /* SwiftTestingTests0.swift */; };
		FB0D41092C2A5A5600AB7559 /* XCTestTests1.swift in Sources */ = {isa = PBXBuildFile; fileRef = FB0D41082C2A5A5600AB7559 /* XCTestTests1.swift */; };
		FBBC8B6A2C2A8D3900BB9C26 /* SwiftTestingTests1.swift in Sources */ = {isa = PBXBuildFile; fileRef = FBBC8B692C2A8D3900BB9C26 /* SwiftTestingTests1.swift */; };
		FBBC8B6C2C2A8D3A00BB9C26 /* SwiftTestingTests2.swift in Sources */ = {isa = PBXBuildFile; fileRef = FBBC8B6B2C2A8D3A00BB9C26 /* SwiftTestingTests2.swift */; };
		FBBC8B6E2C2A8D3B00BB9C26 /* SwiftTestingTests3.swift in Sources */ = {isa = PBXBuildFile; fileRef = FBBC8B6D2C2A8D3B00BB9C26 /* SwiftTestingTests3.swift */; };
		FBBC8B702C2A8D3B00BB9C26 /* SwiftTestingTests4.swift in Sources */ = {isa = PBXBuildFile; fileRef = FBBC8B6F2C2A8D3B00BB9C26 /* SwiftTestingTests4.swift */; };
		FBBC8B722C2A8F8C00BB9C26 /* SwiftTestingTests5.swift in Sources */ = {isa = PBXBuildFile; fileRef = FBBC8B712C2A8F8A00BB9C26 /* SwiftTestingTests5.swift */; };
		FBBC8B742C2A8F9800BB9C26 /* SwiftTestingTests6.swift in Sources */ = {isa = PBXBuildFile; fileRef = FBBC8B732C2A8F9500BB9C26 /* SwiftTestingTests6.swift */; };
		FBBC8B762C2A8FA100BB9C26 /* SwiftTestingTests7.swift in Sources */ = {isa = PBXBuildFile; fileRef = FBBC8B752C2A8F9D00BB9C26 /* SwiftTestingTests7.swift */; };
		FBBC8B782C2A8FA500BB9C26 /* SwiftTestingTests8.swift in Sources */ = {isa = PBXBuildFile; fileRef = FBBC8B772C2A8FA400BB9C26 /* SwiftTestingTests8.swift */; };
		FBBC8B7A2C2A8FAB00BB9C26 /* SwiftTestingTests9.swift in Sources */ = {isa = PBXBuildFile; fileRef = FBBC8B792C2A8FA800BB9C26 /* SwiftTestingTests9.swift */; };
		FBBC8B7C2C2A8FBB00BB9C26 /* XCTestTests2.swift in Sources */ = {isa = PBXBuildFile; fileRef = FBBC8B7B2C2A8FBB00BB9C26 /* XCTestTests2.swift */; };
		FBBC8B7E2C2A8FC400BB9C26 /* XCTestTests3.swift in Sources */ = {isa = PBXBuildFile; fileRef = FBBC8B7D2C2A8FC300BB9C26 /* XCTestTests3.swift */; };
		FBBC8B802C2A8FCC00BB9C26 /* XCTestTests4.swift in Sources */ = {isa = PBXBuildFile; fileRef = FBBC8B7F2C2A8FCA00BB9C26 /* XCTestTests4.swift */; };
		FBBC8B822C2A8FD200BB9C26 /* XCTestTests5.swift in Sources */ = {isa = PBXBuildFile; fileRef = FBBC8B812C2A8FD000BB9C26 /* XCTestTests5.swift */; };
		FBBC8B842C2A8FD700BB9C26 /* XCTestTests6.swift in Sources */ = {isa = PBXBuildFile; fileRef = FBBC8B832C2A8FD500BB9C26 /* XCTestTests6.swift */; };
		FBBC8B862C2A8FDB00BB9C26 /* XCTestTests7.swift in Sources */ = {isa = PBXBuildFile; fileRef = FBBC8B852C2A8FDA00BB9C26 /* XCTestTests7.swift */; };
		FBBC8B882C2A8FE000BB9C26 /* XCTestTests8.swift in Sources */ = {isa = PBXBuildFile; fileRef = FBBC8B872C2A8FDE00BB9C26 /* XCTestTests8.swift */; };
		FBBC8B8A2C2A8FE500BB9C26 /* XCTestTests9.swift in Sources */ = {isa = PBXBuildFile; fileRef = FBBC8B892C2A8FE300BB9C26 /* XCTestTests9.swift */; };
		FBBC8B8C2C2A8FF700BB9C26 /* XCTestTests0.swift in Sources */ = {isa = PBXBuildFile; fileRef = FBBC8B8B2C2A8FF600BB9C26 /* XCTestTests0.swift */; };
/* End PBXBuildFile section */

/* Begin PBXFileReference section */
		FB0D40F92C2A5A4300AB7559 /* SwiftTestingTests.xctest */ = {isa = PBXFileReference; explicitFileType = wrapper.cfbundle; includeInIndex = 0; path = SwiftTestingTests.xctest; sourceTree = BUILT_PRODUCTS_DIR; };
		FB0D40FB2C2A5A4300AB7559 /* SwiftTestingTests0.swift */ = {isa = PBXFileReference; lastKnownFileType = sourcecode.swift; path = SwiftTestingTests0.swift; sourceTree = "<group>"; };
		FB0D41062C2A5A5600AB7559 /* XCTestTests.xctest */ = {isa = PBXFileReference; explicitFileType = wrapper.cfbundle; includeInIndex = 0; path = XCTestTests.xctest; sourceTree = BUILT_PRODUCTS_DIR; };
		FB0D41082C2A5A5600AB7559 /* XCTestTests1.swift */ = {isa = PBXFileReference; lastKnownFileType = sourcecode.swift; path = XCTestTests1.swift; sourceTree = "<group>"; };
		FBBC8B692C2A8D3900BB9C26 /* SwiftTestingTests1.swift */ = {isa = PBXFileReference; lastKnownFileType = sourcecode.swift; path = SwiftTestingTests1.swift; sourceTree = "<group>"; };
		FBBC8B6B2C2A8D3A00BB9C26 /* SwiftTestingTests2.swift */ = {isa = PBXFileReference; lastKnownFileType = sourcecode.swift; path = SwiftTestingTests2.swift; sourceTree = "<group>"; };
		FBBC8B6D2C2A8D3B00BB9C26 /* SwiftTestingTests3.swift */ = {isa = PBXFileReference; lastKnownFileType = sourcecode.swift; path = SwiftTestingTests3.swift; sourceTree = "<group>"; };
		FBBC8B6F2C2A8D3B00BB9C26 /* SwiftTestingTests4.swift */ = {isa = PBXFileReference; lastKnownFileType = sourcecode.swift; path = SwiftTestingTests4.swift; sourceTree = "<group>"; };
		FBBC8B712C2A8F8A00BB9C26 /* SwiftTestingTests5.swift */ = {isa = PBXFileReference; lastKnownFileType = sourcecode.swift; path = SwiftTestingTests5.swift; sourceTree = "<group>"; };
		FBBC8B732C2A8F9500BB9C26 /* SwiftTestingTests6.swift */ = {isa = PBXFileReference; lastKnownFileType = sourcecode.swift; path = SwiftTestingTests6.swift; sourceTree = "<group>"; };
		FBBC8B752C2A8F9D00BB9C26 /* SwiftTestingTests7.swift */ = {isa = PBXFileReference; lastKnownFileType = sourcecode.swift; path = SwiftTestingTests7.swift; sourceTree = "<group>"; };
		FBBC8B772C2A8FA400BB9C26 /* SwiftTestingTests8.swift */ = {isa = PBXFileReference; lastKnownFileType = sourcecode.swift; path = SwiftTestingTests8.swift; sourceTree = "<group>"; };
		FBBC8B792C2A8FA800BB9C26 /* SwiftTestingTests9.swift */ = {isa = PBXFileReference; lastKnownFileType = sourcecode.swift; path = SwiftTestingTests9.swift; sourceTree = "<group>"; };
		FBBC8B7B2C2A8FBB00BB9C26 /* XCTestTests2.swift */ = {isa = PBXFileReference; lastKnownFileType = sourcecode.swift; path = XCTestTests2.swift; sourceTree = "<group>"; };
		FBBC8B7D2C2A8FC300BB9C26 /* XCTestTests3.swift */ = {isa = PBXFileReference; lastKnownFileType = sourcecode.swift; path = XCTestTests3.swift; sourceTree = "<group>"; };
		FBBC8B7F2C2A8FCA00BB9C26 /* XCTestTests4.swift */ = {isa = PBXFileReference; lastKnownFileType = sourcecode.swift; path = XCTestTests4.swift; sourceTree = "<group>"; };
		FBBC8B812C2A8FD000BB9C26 /* XCTestTests5.swift */ = {isa = PBXFileReference; lastKnownFileType = sourcecode.swift; path = XCTestTests5.swift; sourceTree = "<group>"; };
		FBBC8B832C2A8FD500BB9C26 /* XCTestTests6.swift */ = {isa = PBXFileReference; lastKnownFileType = sourcecode.swift; path = XCTestTests6.swift; sourceTree = "<group>"; };
		FBBC8B852C2A8FDA00BB9C26 /* XCTestTests7.swift */ = {isa = PBXFileReference; lastKnownFileType = sourcecode.swift; path = XCTestTests7.swift; sourceTree = "<group>"; };
		FBBC8B872C2A8FDE00BB9C26 /* XCTestTests8.swift */ = {isa = PBXFileReference; lastKnownFileType = sourcecode.swift; path = XCTestTests8.swift; sourceTree = "<group>"; };
		FBBC8B892C2A8FE300BB9C26 /* XCTestTests9.swift */ = {isa = PBXFileReference; lastKnownFileType = sourcecode.swift; path = XCTestTests9.swift; sourceTree = "<group>"; };
		FBBC8B8B2C2A8FF600BB9C26 /* XCTestTests0.swift */ = {isa = PBXFileReference; lastKnownFileType = sourcecode.swift; path = XCTestTests0.swift; sourceTree = "<group>"; };
/* End PBXFileReference section */

/* Begin PBXFrameworksBuildPhase section */
		FB0D40F62C2A5A4300AB7559 /* Frameworks */ = {
			isa = PBXFrameworksBuildPhase;
			buildActionMask = 2147483647;
			files = (
			);
			runOnlyForDeploymentPostprocessing = 0;
		};
		FB0D41032C2A5A5600AB7559 /* Frameworks */ = {
			isa = PBXFrameworksBuildPhase;
			buildActionMask = 2147483647;
			files = (
			);
			runOnlyForDeploymentPostprocessing = 0;
		};
/* End PBXFrameworksBuildPhase section */

/* Begin PBXGroup section */
		FB0D40DB2C2A5A2000AB7559 = {
			isa = PBXGroup;
			children = (
				FB0D40FA2C2A5A4300AB7559 /* SwiftTestingTests */,
				FB0D41072C2A5A5600AB7559 /* XCTestTests */,
				FB0D40E52C2A5A2000AB7559 /* Products */,
			);
			sourceTree = "<group>";
		};
		FB0D40E52C2A5A2000AB7559 /* Products */ = {
			isa = PBXGroup;
			children = (
				FB0D40F92C2A5A4300AB7559 /* SwiftTestingTests.xctest */,
				FB0D41062C2A5A5600AB7559 /* XCTestTests.xctest */,
			);
			name = Products;
			sourceTree = "<group>";
		};
		FB0D40FA2C2A5A4300AB7559 /* SwiftTestingTests */ = {
			isa = PBXGroup;
			children = (
				FB0D40FB2C2A5A4300AB7559 /* SwiftTestingTests0.swift */,
				FBBC8B692C2A8D3900BB9C26 /* SwiftTestingTests1.swift */,
				FBBC8B6B2C2A8D3A00BB9C26 /* SwiftTestingTests2.swift */,
				FBBC8B6D2C2A8D3B00BB9C26 /* SwiftTestingTests3.swift */,
				FBBC8B6F2C2A8D3B00BB9C26 /* SwiftTestingTests4.swift */,
				FBBC8B712C2A8F8A00BB9C26 /* SwiftTestingTests5.swift */,
				FBBC8B732C2A8F9500BB9C26 /* SwiftTestingTests6.swift */,
				FBBC8B752C2A8F9D00BB9C26 /* SwiftTestingTests7.swift */,
				FBBC8B772C2A8FA400BB9C26 /* SwiftTestingTests8.swift */,
				FBBC8B792C2A8FA800BB9C26 /* SwiftTestingTests9.swift */,
			);
			path = SwiftTestingTests;
			sourceTree = "<group>";
		};
		FB0D41072C2A5A5600AB7559 /* XCTestTests */ = {
			isa = PBXGroup;
			children = (
				FBBC8B8B2C2A8FF600BB9C26 /* XCTestTests0.swift */,
				FB0D41082C2A5A5600AB7559 /* XCTestTests1.swift */,
				FBBC8B7B2C2A8FBB00BB9C26 /* XCTestTests2.swift */,
				FBBC8B7D2C2A8FC300BB9C26 /* XCTestTests3.swift */,
				FBBC8B7F2C2A8FCA00BB9C26 /* XCTestTests4.swift */,
				FBBC8B812C2A8FD000BB9C26 /* XCTestTests5.swift */,
				FBBC8B832C2A8FD500BB9C26 /* XCTestTests6.swift */,
				FBBC8B852C2A8FDA00BB9C26 /* XCTestTests7.swift */,
				FBBC8B872C2A8FDE00BB9C26 /* XCTestTests8.swift */,
				FBBC8B892C2A8FE300BB9C26 /* XCTestTests9.swift */,
			);
			path = XCTestTests;
			sourceTree = "<group>";
		};
/* End PBXGroup section */

/* Begin PBXNativeTarget section */
		FB0D40F82C2A5A4300AB7559 /* SwiftTestingTests */ = {
			isa = PBXNativeTarget;
			buildConfigurationList = FB0D40FF2C2A5A4300AB7559 /* Build configuration list for PBXNativeTarget "SwiftTestingTests" */;
			buildPhases = (
				FB0D40F52C2A5A4300AB7559 /* Sources */,
				FB0D40F62C2A5A4300AB7559 /* Frameworks */,
				FB0D40F72C2A5A4300AB7559 /* Resources */,
			);
			buildRules = (
			);
			dependencies = (
			);
			name = SwiftTestingTests;
			productName = SwiftTestingTests;
			productReference = FB0D40F92C2A5A4300AB7559 /* SwiftTestingTests.xctest */;
			productType = "com.apple.product-type.bundle.unit-test";
		};
		FB0D41052C2A5A5600AB7559 /* XCTestTests */ = {
			isa = PBXNativeTarget;
			buildConfigurationList = FB0D410C2C2A5A5600AB7559 /* Build configuration list for PBXNativeTarget "XCTestTests" */;
			buildPhases = (
				FB0D41022C2A5A5600AB7559 /* Sources */,
				FB0D41032C2A5A5600AB7559 /* Frameworks */,
				FB0D41042C2A5A5600AB7559 /* Resources */,
			);
			buildRules = (
			);
			dependencies = (
			);
			name = XCTestTests;
			productName = XCTestTests;
			productReference = FB0D41062C2A5A5600AB7559 /* XCTestTests.xctest */;
			productType = "com.apple.product-type.bundle.unit-test";
		};
/* End PBXNativeTarget section */

/* Begin PBXProject section */
		FB0D40DC2C2A5A2000AB7559 /* Project object */ = {
			isa = PBXProject;
			attributes = {
				BuildIndependentTargetsInParallel = 1;
				LastSwiftUpdateCheck = 1600;
				LastUpgradeCheck = 1600;
				TargetAttributes = {
					FB0D40F82C2A5A4300AB7559 = {
						CreatedOnToolsVersion = 16.0;
						TestTargetID = FB0D40E32C2A5A2000AB7559;
					};
					FB0D41052C2A5A5600AB7559 = {
						CreatedOnToolsVersion = 16.0;
						TestTargetID = FB0D40E32C2A5A2000AB7559;
					};
				};
			};
			buildConfigurationList = FB0D40DF2C2A5A2000AB7559 /* Build configuration list for PBXProject "CompilePerformance" */;
			compatibilityVersion = "Xcode 15.0";
			developmentRegion = en;
			hasScannedForEncodings = 0;
			knownRegions = (
				en,
				Base,
			);
			mainGroup = FB0D40DB2C2A5A2000AB7559;
			productRefGroup = FB0D40E52C2A5A2000AB7559 /* Products */;
			projectDirPath = "";
			projectRoot = "";
			targets = (
				FB0D40F82C2A5A4300AB7559 /* SwiftTestingTests */,
				FB0D41052C2A5A5600AB7559 /* XCTestTests */,
			);
		};
/* End PBXProject section */

/* Begin PBXResourcesBuildPhase section */
		FB0D40F72C2A5A4300AB7559 /* Resources */ = {
			isa = PBXResourcesBuildPhase;
			buildActionMask = 2147483647;
			files = (
			);
			runOnlyForDeploymentPostprocessing = 0;
		};
		FB0D41042C2A5A5600AB7559 /* Resources */ = {
			isa = PBXResourcesBuildPhase;
			buildActionMask = 2147483647;
			files = (
			);
			runOnlyForDeploymentPostprocessing = 0;
		};
/* End PBXResourcesBuildPhase section */

/* Begin PBXSourcesBuildPhase section */
		FB0D40F52C2A5A4300AB7559 /* Sources */ = {
			isa = PBXSourcesBuildPhase;
			buildActionMask = 2147483647;
			files = (
				FBBC8B762C2A8FA100BB9C26 /* SwiftTestingTests7.swift in Sources */,
				FBBC8B722C2A8F8C00BB9C26 /* SwiftTestingTests5.swift in Sources */,
				FBBC8B742C2A8F9800BB9C26 /* SwiftTestingTests6.swift in Sources */,
				FBBC8B6A2C2A8D3900BB9C26 /* SwiftTestingTests1.swift in Sources */,
				FBBC8B702C2A8D3B00BB9C26 /* SwiftTestingTests4.swift in Sources */,
				FB0D40FC2C2A5A4300AB7559 /* SwiftTestingTests0.swift in Sources */,
				FBBC8B782C2A8FA500BB9C26 /* SwiftTestingTests8.swift in Sources */,
				FBBC8B6E2C2A8D3B00BB9C26 /* SwiftTestingTests3.swift in Sources */,
				FBBC8B7A2C2A8FAB00BB9C26 /* SwiftTestingTests9.swift in Sources */,
				FBBC8B6C2C2A8D3A00BB9C26 /* SwiftTestingTests2.swift in Sources */,
			);
			runOnlyForDeploymentPostprocessing = 0;
		};
		FB0D41022C2A5A5600AB7559 /* Sources */ = {
			isa = PBXSourcesBuildPhase;
			buildActionMask = 2147483647;
			files = (
				FBBC8B7E2C2A8FC400BB9C26 /* XCTestTests3.swift in Sources */,
				FBBC8B8A2C2A8FE500BB9C26 /* XCTestTests9.swift in Sources */,
				FBBC8B862C2A8FDB00BB9C26 /* XCTestTests7.swift in Sources */,
				FBBC8B7C2C2A8FBB00BB9C26 /* XCTestTests2.swift in Sources */,
				FBBC8B882C2A8FE000BB9C26 /* XCTestTests8.swift in Sources */,
				FBBC8B822C2A8FD200BB9C26 /* XCTestTests5.swift in Sources */,
				FB0D41092C2A5A5600AB7559 /* XCTestTests1.swift in Sources */,
				FBBC8B8C2C2A8FF700BB9C26 /* XCTestTests0.swift in Sources */,
				FBBC8B802C2A8FCC00BB9C26 /* XCTestTests4.swift in Sources */,
				FBBC8B842C2A8FD700BB9C26 /* XCTestTests6.swift in Sources */,
			);
			runOnlyForDeploymentPostprocessing = 0;
		};
/* End PBXSourcesBuildPhase section */

/* Begin XCBuildConfiguration section */
		FB0D40F02C2A5A2100AB7559 /* Debug */ = {
			isa = XCBuildConfiguration;
			buildSettings = {
				ALWAYS_SEARCH_USER_PATHS = NO;
				ASSETCATALOG_COMPILER_GENERATE_SWIFT_ASSET_SYMBOL_EXTENSIONS = YES;
				CLANG_ANALYZER_NONNULL = YES;
				CLANG_ANALYZER_NUMBER_OBJECT_CONVERSION = YES_AGGRESSIVE;
				CLANG_CXX_LANGUAGE_STANDARD = "gnu++20";
				CLANG_ENABLE_MODULES = YES;
				CLANG_ENABLE_OBJC_ARC = YES;
				CLANG_ENABLE_OBJC_WEAK = YES;
				CLANG_WARN_BLOCK_CAPTURE_AUTORELEASING = YES;
				CLANG_WARN_BOOL_CONVERSION = YES;
				CLANG_WARN_COMMA = YES;
				CLANG_WARN_CONSTANT_CONVERSION = YES;
				CLANG_WARN_DEPRECATED_OBJC_IMPLEMENTATIONS = YES;
				CLANG_WARN_DIRECT_OBJC_ISA_USAGE = YES_ERROR;
				CLANG_WARN_DOCUMENTATION_COMMENTS = YES;
				CLANG_WARN_EMPTY_BODY = YES;
				CLANG_WARN_ENUM_CONVERSION = YES;
				CLANG_WARN_INFINITE_RECURSION = YES;
				CLANG_WARN_INT_CONVERSION = YES;
				CLANG_WARN_NON_LITERAL_NULL_CONVERSION = YES;
				CLANG_WARN_OBJC_IMPLICIT_RETAIN_SELF = YES;
				CLANG_WARN_OBJC_LITERAL_CONVERSION = YES;
				CLANG_WARN_OBJC_ROOT_CLASS = YES_ERROR;
				CLANG_WARN_QUOTED_INCLUDE_IN_FRAMEWORK_HEADER = YES;
				CLANG_WARN_RANGE_LOOP_ANALYSIS = YES;
				CLANG_WARN_STRICT_PROTOTYPES = YES;
				CLANG_WARN_SUSPICIOUS_MOVE = YES;
				CLANG_WARN_UNGUARDED_AVAILABILITY = YES_AGGRESSIVE;
				CLANG_WARN_UNREACHABLE_CODE = YES;
				CLANG_WARN__DUPLICATE_METHOD_MATCH = YES;
				COPY_PHASE_STRIP = NO;
				DEBUG_INFORMATION_FORMAT = dwarf;
				ENABLE_STRICT_OBJC_MSGSEND = YES;
				ENABLE_TESTABILITY = YES;
				ENABLE_USER_SCRIPT_SANDBOXING = YES;
				GCC_C_LANGUAGE_STANDARD = gnu17;
				GCC_DYNAMIC_NO_PIC = NO;
				GCC_NO_COMMON_BLOCKS = YES;
				GCC_OPTIMIZATION_LEVEL = 0;
				GCC_PREPROCESSOR_DEFINITIONS = (
					"DEBUG=1",
					"$(inherited)",
				);
				GCC_WARN_64_TO_32_BIT_CONVERSION = YES;
				GCC_WARN_ABOUT_RETURN_TYPE = YES_ERROR;
				GCC_WARN_UNDECLARED_SELECTOR = YES;
				GCC_WARN_UNINITIALIZED_AUTOS = YES_AGGRESSIVE;
				GCC_WARN_UNUSED_FUNCTION = YES;
				GCC_WARN_UNUSED_VARIABLE = YES;
				IPHONEOS_DEPLOYMENT_TARGET = 18.0;
				LOCALIZATION_PREFERS_STRING_CATALOGS = YES;
				MTL_ENABLE_DEBUG_INFO = INCLUDE_SOURCE;
				MTL_FAST_MATH = YES;
				ONLY_ACTIVE_ARCH = YES;
				SDKROOT = iphoneos;
				SWIFT_ACTIVE_COMPILATION_CONDITIONS = "DEBUG $(inherited)";
				SWIFT_OPTIMIZATION_LEVEL = "-Onone";
			};
			name = Debug;
		};
		FB0D40F12C2A5A2100AB7559 /* Release */ = {
			isa = XCBuildConfiguration;
			buildSettings = {
				ALWAYS_SEARCH_USER_PATHS = NO;
				ASSETCATALOG_COMPILER_GENERATE_SWIFT_ASSET_SYMBOL_EXTENSIONS = YES;
				CLANG_ANALYZER_NONNULL = YES;
				CLANG_ANALYZER_NUMBER_OBJECT_CONVERSION = YES_AGGRESSIVE;
				CLANG_CXX_LANGUAGE_STANDARD = "gnu++20";
				CLANG_ENABLE_MODULES = YES;
				CLANG_ENABLE_OBJC_ARC = YES;
				CLANG_ENABLE_OBJC_WEAK = YES;
				CLANG_WARN_BLOCK_CAPTURE_AUTORELEASING = YES;
				CLANG_WARN_BOOL_CONVERSION = YES;
				CLANG_WARN_COMMA = YES;
				CLANG_WARN_CONSTANT_CONVERSION = YES;
				CLANG_WARN_DEPRECATED_OBJC_IMPLEMENTATIONS = YES;
				CLANG_WARN_DIRECT_OBJC_ISA_USAGE = YES_ERROR;
				CLANG_WARN_DOCUMENTATION_COMMENTS = YES;
				CLANG_WARN_EMPTY_BODY = YES;
				CLANG_WARN_ENUM_CONVERSION = YES;
				CLANG_WARN_INFINITE_RECURSION = YES;
				CLANG_WARN_INT_CONVERSION = YES;
				CLANG_WARN_NON_LITERAL_NULL_CONVERSION = YES;
				CLANG_WARN_OBJC_IMPLICIT_RETAIN_SELF = YES;
				CLANG_WARN_OBJC_LITERAL_CONVERSION = YES;
				CLANG_WARN_OBJC_ROOT_CLASS = YES_ERROR;
				CLANG_WARN_QUOTED_INCLUDE_IN_FRAMEWORK_HEADER = YES;
				CLANG_WARN_RANGE_LOOP_ANALYSIS = YES;
				CLANG_WARN_STRICT_PROTOTYPES = YES;
				CLANG_WARN_SUSPICIOUS_MOVE = YES;
				CLANG_WARN_UNGUARDED_AVAILABILITY = YES_AGGRESSIVE;
				CLANG_WARN_UNREACHABLE_CODE = YES;
				CLANG_WARN__DUPLICATE_METHOD_MATCH = YES;
				COPY_PHASE_STRIP = NO;
				DEBUG_INFORMATION_FORMAT = "dwarf-with-dsym";
				ENABLE_NS_ASSERTIONS = NO;
				ENABLE_STRICT_OBJC_MSGSEND = YES;
				ENABLE_USER_SCRIPT_SANDBOXING = YES;
				GCC_C_LANGUAGE_STANDARD = gnu17;
				GCC_NO_COMMON_BLOCKS = YES;
				GCC_WARN_64_TO_32_BIT_CONVERSION = YES;
				GCC_WARN_ABOUT_RETURN_TYPE = YES_ERROR;
				GCC_WARN_UNDECLARED_SELECTOR = YES;
				GCC_WARN_UNINITIALIZED_AUTOS = YES_AGGRESSIVE;
				GCC_WARN_UNUSED_FUNCTION = YES;
				GCC_WARN_UNUSED_VARIABLE = YES;
				IPHONEOS_DEPLOYMENT_TARGET = 18.0;
				LOCALIZATION_PREFERS_STRING_CATALOGS = YES;
				MTL_ENABLE_DEBUG_INFO = NO;
				MTL_FAST_MATH = YES;
				SDKROOT = iphoneos;
				SWIFT_COMPILATION_MODE = wholemodule;
				VALIDATE_PRODUCT = YES;
			};
			name = Release;
		};
		FB0D41002C2A5A4300AB7559 /* Debug */ = {
			isa = XCBuildConfiguration;
			buildSettings = {
				CODE_SIGN_STYLE = Automatic;
				CURRENT_PROJECT_VERSION = 1;
				GENERATE_INFOPLIST_FILE = YES;
				MARKETING_VERSION = 1.0;
				PRODUCT_BUNDLE_IDENTIFIER = a.SwiftTestingTests;
				PRODUCT_NAME = "$(TARGET_NAME)";
				SWIFT_EMIT_LOC_STRINGS = NO;
				SWIFT_VERSION = 5.0;
				TARGETED_DEVICE_FAMILY = "1,2";
			};
			name = Debug;
		};
		FB0D41012C2A5A4300AB7559 /* Release */ = {
			isa = XCBuildConfiguration;
			buildSettings = {
				CODE_SIGN_STYLE = Automatic;
				CURRENT_PROJECT_VERSION = 1;
				GENERATE_INFOPLIST_FILE = YES;
				MARKETING_VERSION = 1.0;
				PRODUCT_BUNDLE_IDENTIFIER = a.SwiftTestingTests;
				PRODUCT_NAME = "$(TARGET_NAME)";
				SWIFT_EMIT_LOC_STRINGS = NO;
				SWIFT_VERSION = 5.0;
				TARGETED_DEVICE_FAMILY = "1,2";
			};
			name = Release;
		};
		FB0D410D2C2A5A5600AB7559 /* Debug */ = {
			isa = XCBuildConfiguration;
			buildSettings = {
				CODE_SIGN_STYLE = Automatic;
				CURRENT_PROJECT_VERSION = 1;
				GENERATE_INFOPLIST_FILE = YES;
				MARKETING_VERSION = 1.0;
				PRODUCT_BUNDLE_IDENTIFIER = a.XCTestTests;
				PRODUCT_NAME = "$(TARGET_NAME)";
				SWIFT_EMIT_LOC_STRINGS = NO;
				SWIFT_VERSION = 5.0;
				TARGETED_DEVICE_FAMILY = "1,2";
			};
			name = Debug;
		};
		FB0D410E2C2A5A5600AB7559 /* Release */ = {
			isa = XCBuildConfiguration;
			buildSettings = {
				CODE_SIGN_STYLE = Automatic;
				CURRENT_PROJECT_VERSION = 1;
				GENERATE_INFOPLIST_FILE = YES;
				MARKETING_VERSION = 1.0;
				PRODUCT_BUNDLE_IDENTIFIER = a.XCTestTests;
				PRODUCT_NAME = "$(TARGET_NAME)";
				SWIFT_EMIT_LOC_STRINGS = NO;
				SWIFT_VERSION = 5.0;
				TARGETED_DEVICE_FAMILY = "1,2";
			};
			name = Release;
		};
/* End XCBuildConfiguration section */

/* Begin XCConfigurationList section */
		FB0D40DF2C2A5A2000AB7559 /* Build configuration list for PBXProject "CompilePerformance" */ = {
			isa = XCConfigurationList;
			buildConfigurations = (
				FB0D40F02C2A5A2100AB7559 /* Debug */,
				FB0D40F12C2A5A2100AB7559 /* Release */,
			);
			defaultConfigurationIsVisible = 0;
			defaultConfigurationName = Release;
		};
		FB0D40FF2C2A5A4300AB7559 /* Build configuration list for PBXNativeTarget "SwiftTestingTests" */ = {
			isa = XCConfigurationList;
			buildConfigurations = (
				FB0D41002C2A5A4300AB7559 /* Debug */,
				FB0D41012C2A5A4300AB7559 /* Release */,
			);
			defaultConfigurationIsVisible = 0;
			defaultConfigurationName = Release;
		};
		FB0D410C2C2A5A5600AB7559 /* Build configuration list for PBXNativeTarget "XCTestTests" */ = {
			isa = XCConfigurationList;
			buildConfigurations = (
				FB0D410D2C2A5A5600AB7559 /* Debug */,
				FB0D410E2C2A5A5600AB7559 /* Release */,
			);
			defaultConfigurationIsVisible = 0;
			defaultConfigurationName = Release;
		};
/* End XCConfigurationList section */
	};
	rootObject = FB0D40DC2C2A5A2000AB7559 /* Project object */;
}
